<?xml version="1.0" encoding="utf-8"?>
<Project ToolsVersion="4.0" xmlns="http://schemas.microsoft.com/developer/msbuild/2003">
  <ItemGroup>
    <Filter Include="Source Files">
      <UniqueIdentifier>{4FC737F1-C7A5-4376-A066-2A32D752A2FF}</UniqueIdentifier>
      <Extensions>cpp;c;cc;cxx;c++;cppm;ixx;def;odl;idl;hpj;bat;asm;asmx</Extensions>
    </Filter>
    <Filter Include="Header Files">
      <UniqueIdentifier>{93995380-89BD-4b04-88EB-625FBE52EBFB}</UniqueIdentifier>
      <Extensions>h;hh;hpp;hxx;h++;hm;inl;inc;ipp;xsd</Extensions>
    </Filter>
    <Filter Include="Resource Files">
      <UniqueIdentifier>{67DA6AB6-F800-4c08-8B7A-83BB121AAD01}</UniqueIdentifier>
      <Extensions>rc;ico;cur;bmp;dlg;rc2;rct;bin;rgs;gif;jpg;jpeg;jpe;resx;tiff;tif;png;wav;mfcribbon-ms</Extensions>
    </Filter>
  </ItemGroup>
  <ItemGroup>
    <ClInclude Include="Common\Networking\Packet.h">
      <Filter>Header Files</Filter>
    </ClInclude>
    <ClInclude Include="Common\Blocks\BlockData.h">
      <Filter>Header Files</Filter>
    </ClInclude>
    <ClInclude Include="Common\World\Chunk.h">
      <Filter>Header Files</Filter>
    </ClInclude>
    <ClInclude Include="Common\World\Structure.h">
      <Filter>Header Files</Filter>
    </ClInclude>
    <ClInclude Include="Common\World\World.h">
      <Filter>Header Files</Filter>
    </ClInclude>
    <ClInclude Include="Common\World\WorldConstants.h">
      <Filter>Header Files</Filter>
    </ClInclude>
    <ClInclude Include="Common\Blocks\Block.h">
      <Filter>Header Files</Filter>
    </ClInclude>
    <ClInclude Include="Common\Blocks\BlockProperties.h">
      <Filter>Header Files</Filter>
    </ClInclude>
    <ClInclude Include="Common\Entities\Player\Input.h">
      <Filter>Header Files</Filter>
    </ClInclude>
    <ClInclude Include="Common\Entities\Player\ItemStack.h">
      <Filter>Header Files</Filter>
    </ClInclude>
    <ClInclude Include="Common\Entities\Player\MainCamera.h">
      <Filter>Header Files</Filter>
    </ClInclude>
    <ClInclude Include="Common\Entities\Player\Player.h">
      <Filter>Header Files</Filter>
    </ClInclude>
    <ClInclude Include="Common\Entities\Entity.h">
      <Filter>Header Files</Filter>
    </ClInclude>
    <ClInclude Include="Common\Entities\EntityManager.h">
      <Filter>Header Files</Filter>
    </ClInclude>
    <ClInclude Include="pch.h">
      <Filter>Header Files</Filter>
    </ClInclude>
    <ClInclude Include="Common\Math\Cuboid.h">
      <Filter>Header Files</Filter>
    </ClInclude>
    <ClInclude Include="Common\Math\EngineMath.h">
      <Filter>Header Files</Filter>
    </ClInclude>
    <ClInclude Include="Common\Math\mat4.h">
      <Filter>Header Files</Filter>
    </ClInclude>
    <ClInclude Include="Common\Math\Noise.h">
      <Filter>Header Files</Filter>
    </ClInclude>
    <ClInclude Include="Common\Math\Ray.h">
      <Filter>Header Files</Filter>
    </ClInclude>
    <ClInclude Include="Common\Math\Vector.h">
      <Filter>Header Files</Filter>
    </ClInclude>
    <ClInclude Include="Common\Math\StringConvertions.h">
      <Filter>Header Files</Filter>
    </ClInclude>
    <ClInclude Include="Common\World\WorldManager.h">
      <Filter>Header Files</Filter>
    </ClInclude>
    <ClInclude Include="Common\Log\Logger.h">
      <Filter>Header Files</Filter>
    </ClInclude>
  </ItemGroup>
  <ItemGroup>
    <ClCompile Include="Common\World\Chunk.cpp">
      <Filter>Source Files</Filter>
    </ClCompile>
    <ClCompile Include="Common\World\Structure.cpp">
      <Filter>Source Files</Filter>
    </ClCompile>
    <ClCompile Include="Common\World\World.cpp">
      <Filter>Source Files</Filter>
    </ClCompile>
    <ClCompile Include="Common\Blocks\Block.cpp">
      <Filter>Source Files</Filter>
    </ClCompile>
    <ClCompile Include="Common\Blocks\BlockProperties.cpp">
      <Filter>Source Files</Filter>
    </ClCompile>
    <ClCompile Include="Common\Entities\Player\Input.cpp">
      <Filter>Source Files</Filter>
    </ClCompile>
    <ClCompile Include="Common\Entities\Player\ItemStack.cpp">
      <Filter>Source Files</Filter>
    </ClCompile>
    <ClCompile Include="Common\Entities\Player\MainCamera.cpp">
      <Filter>Source Files</Filter>
    </ClCompile>
    <ClCompile Include="Common\Entities\Player\Player.cpp">
      <Filter>Source Files</Filter>
    </ClCompile>
    <ClCompile Include="Common\Entities\Entity.cpp">
      <Filter>Source Files</Filter>
    </ClCompile>
    <ClCompile Include="Common\Entities\EntityManager.cpp">
      <Filter>Source Files</Filter>
    </ClCompile>
    <ClCompile Include="pch.cpp">
      <Filter>Source Files</Filter>
    </ClCompile>
    <ClCompile Include="Common\Math\Cuboid.cpp">
      <Filter>Source Files</Filter>
    </ClCompile>
    <ClCompile Include="Common\Math\EngineMath.cpp">
      <Filter>Source Files</Filter>
    </ClCompile>
    <ClCompile Include="Common\Math\mat4.cpp">
      <Filter>Source Files</Filter>
    </ClCompile>
    <ClCompile Include="Common\Math\Noise.cpp">
      <Filter>Source Files</Filter>
    </ClCompile>
    <ClCompile Include="Common\Math\Ray.cpp">
      <Filter>Source Files</Filter>
    </ClCompile>
    <ClCompile Include="Common\Math\StringConvertions.cpp">
      <Filter>Source Files</Filter>
    </ClCompile>
    <ClCompile Include="Common\World\WorldManager.cpp">
      <Filter>Source Files</Filter>
    </ClCompile>
  </ItemGroup>
</Project>